
Microsoft Visual Studio Solution File, Format Version 12.00
# Visual Studio Version 17
VisualStudioVersion = 17.2.32616.157
MinimumVisualStudioVersion = 10.0.40219.1
Project("{9A19103F-16F7-4668-BE54-9A1E7A4F7556}") = "Teleperformance.Final.Project.WebAPI", "Teleperformance.Final.Project.WebAPI\Teleperformance.Final.Project.WebAPI.csproj", "{CC0D27DB-2EFF-43FF-9593-7190B10BA09F}"
EndProject
Project("{2150E333-8FDC-42A3-9474-1A3956D46DE8}") = "src", "src", "{70811CD0-23C2-44E0-A703-782A09685CEC}"
EndProject
Project("{2150E333-8FDC-42A3-9474-1A3956D46DE8}") = "test", "test", "{0F78B36E-363D-40CF-A1D0-5FC115D810EB}"
EndProject
Project("{2150E333-8FDC-42A3-9474-1A3956D46DE8}") = "API", "API", "{F3B1F2C2-F253-498C-B9B2-0D28D427CD73}"
EndProject
Project("{2150E333-8FDC-42A3-9474-1A3956D46DE8}") = "Core", "Core", "{E5123E48-27AE-4F13-A034-98FBFB5A3157}"
EndProject
Project("{9A19103F-16F7-4668-BE54-9A1E7A4F7556}") = "Teleperformance.Final.Project.Application", "Teleperformance.Final.Project.Application\Teleperformance.Final.Project.Application.csproj", "{D28BC958-C8CC-48BF-A3AA-58C4D5A2F909}"
EndProject
Project("{9A19103F-16F7-4668-BE54-9A1E7A4F7556}") = "Teleperformance.Final.Project.Domain", "Teleperformance.Final.Project.Domain\Teleperformance.Final.Project.Domain.csproj", "{1A001F5E-25BC-4CB7-A1E6-019E40ADB254}"
EndProject
Project("{2150E333-8FDC-42A3-9474-1A3956D46DE8}") = "Infrastructure", "Infrastructure", "{1824F686-AC2B-43BF-868C-B6A8869E65A9}"
EndProject
Project("{9A19103F-16F7-4668-BE54-9A1E7A4F7556}") = "Teleperformance.Final.Project.Identity", "Teleperformance.Final.Project.Identity\Teleperformance.Final.Project.Identity.csproj", "{8AD68103-1CE3-4D76-ABF4-346FF04D4C89}"
EndProject
Project("{9A19103F-16F7-4668-BE54-9A1E7A4F7556}") = "Teleperformance.Final.Project.Infrastructure", "Teleperformance.Final.Project.Infrastructure\Teleperformance.Final.Project.Infrastructure.csproj", "{8C284BA0-3D2E-41BA-821A-D5DBBC666FD7}"
EndProject
Project("{9A19103F-16F7-4668-BE54-9A1E7A4F7556}") = "Teleperformance.Final.Project.Persistance", "Teleperformance.Final.Project.Persistance\Teleperformance.Final.Project.Persistance.csproj", "{A046A289-9795-4D88-98FD-89C53B31E267}"
EndProject
Project("{9A19103F-16F7-4668-BE54-9A1E7A4F7556}") = "Teleperformance.Final.Project.UnitTests", "Teleperformance.Final.Project.UnitTests\Teleperformance.Final.Project.UnitTests.csproj", "{2A117F47-FA73-4E7E-B267-C3400DDC0015}"
EndProject
Project("{2150E333-8FDC-42A3-9474-1A3956D46DE8}") = "Projections", "Projections", "{B10601BC-C8E8-46E6-90EA-0AD63AECC203}"
EndProject
Project("{9A19103F-16F7-4668-BE54-9A1E7A4F7556}") = "Teleperformance.Final.Project.Consumer.Worker", "Teleperformance.Final.Project.Consumer.Worker\Teleperformance.Final.Project.Consumer.Worker.csproj", "{BC2D90F1-076F-4B39-BC8E-F0D33A38B29B}"
EndProject
Project("{9A19103F-16F7-4668-BE54-9A1E7A4F7556}") = "Teleperformance.Final.Project.MongoDb", "Teleperformance.Final.Project.MongoDb\Teleperformance.Final.Project.MongoDb.csproj", "{237DEC7B-658B-48B0-8F63-F5B10B14EE67}"
EndProject
Project("{FAE04EC0-301F-11D3-BF4B-00C04F79EFBC}") = "Teleperformance.Final.Project.Caching", "Teleperformance.Final.Project.Caching\Teleperformance.Final.Project.Caching.csproj", "{174BEAA2-B722-4A09-91BA-249418EB1FAD}"
EndProject
Global
	GlobalSection(SolutionConfigurationPlatforms) = preSolution
		Debug|Any CPU = Debug|Any CPU
		Release|Any CPU = Release|Any CPU
	EndGlobalSection
	GlobalSection(ProjectConfigurationPlatforms) = postSolution
		{CC0D27DB-2EFF-43FF-9593-7190B10BA09F}.Debug|Any CPU.ActiveCfg = Debug|Any CPU
		{CC0D27DB-2EFF-43FF-9593-7190B10BA09F}.Debug|Any CPU.Build.0 = Debug|Any CPU
		{CC0D27DB-2EFF-43FF-9593-7190B10BA09F}.Release|Any CPU.ActiveCfg = Release|Any CPU
		{CC0D27DB-2EFF-43FF-9593-7190B10BA09F}.Release|Any CPU.Build.0 = Release|Any CPU
		{D28BC958-C8CC-48BF-A3AA-58C4D5A2F909}.Debug|Any CPU.ActiveCfg = Debug|Any CPU
		{D28BC958-C8CC-48BF-A3AA-58C4D5A2F909}.Debug|Any CPU.Build.0 = Debug|Any CPU
		{D28BC958-C8CC-48BF-A3AA-58C4D5A2F909}.Release|Any CPU.ActiveCfg = Release|Any CPU
		{D28BC958-C8CC-48BF-A3AA-58C4D5A2F909}.Release|Any CPU.Build.0 = Release|Any CPU
		{1A001F5E-25BC-4CB7-A1E6-019E40ADB254}.Debug|Any CPU.ActiveCfg = Debug|Any CPU
		{1A001F5E-25BC-4CB7-A1E6-019E40ADB254}.Debug|Any CPU.Build.0 = Debug|Any CPU
		{1A001F5E-25BC-4CB7-A1E6-019E40ADB254}.Release|Any CPU.ActiveCfg = Release|Any CPU
		{1A001F5E-25BC-4CB7-A1E6-019E40ADB254}.Release|Any CPU.Build.0 = Release|Any CPU
		{8AD68103-1CE3-4D76-ABF4-346FF04D4C89}.Debug|Any CPU.ActiveCfg = Debug|Any CPU
		{8AD68103-1CE3-4D76-ABF4-346FF04D4C89}.Debug|Any CPU.Build.0 = Debug|Any CPU
		{8AD68103-1CE3-4D76-ABF4-346FF04D4C89}.Release|Any CPU.ActiveCfg = Release|Any CPU
		{8AD68103-1CE3-4D76-ABF4-346FF04D4C89}.Release|Any CPU.Build.0 = Release|Any CPU
		{8C284BA0-3D2E-41BA-821A-D5DBBC666FD7}.Debug|Any CPU.ActiveCfg = Debug|Any CPU
		{8C284BA0-3D2E-41BA-821A-D5DBBC666FD7}.Debug|Any CPU.Build.0 = Debug|Any CPU
		{8C284BA0-3D2E-41BA-821A-D5DBBC666FD7}.Release|Any CPU.ActiveCfg = Release|Any CPU
		{8C284BA0-3D2E-41BA-821A-D5DBBC666FD7}.Release|Any CPU.Build.0 = Release|Any CPU
		{A046A289-9795-4D88-98FD-89C53B31E267}.Debug|Any CPU.ActiveCfg = Debug|Any CPU
		{A046A289-9795-4D88-98FD-89C53B31E267}.Debug|Any CPU.Build.0 = Debug|Any CPU
		{A046A289-9795-4D88-98FD-89C53B31E267}.Release|Any CPU.ActiveCfg = Release|Any CPU
		{A046A289-9795-4D88-98FD-89C53B31E267}.Release|Any CPU.Build.0 = Release|Any CPU
		{2A117F47-FA73-4E7E-B267-C3400DDC0015}.Debug|Any CPU.ActiveCfg = Debug|Any CPU
		{2A117F47-FA73-4E7E-B267-C3400DDC0015}.Debug|Any CPU.Build.0 = Debug|Any CPU
		{2A117F47-FA73-4E7E-B267-C3400DDC0015}.Release|Any CPU.ActiveCfg = Release|Any CPU
		{2A117F47-FA73-4E7E-B267-C3400DDC0015}.Release|Any CPU.Build.0 = Release|Any CPU
		{BC2D90F1-076F-4B39-BC8E-F0D33A38B29B}.Debug|Any CPU.ActiveCfg = Debug|Any CPU
		{BC2D90F1-076F-4B39-BC8E-F0D33A38B29B}.Debug|Any CPU.Build.0 = Debug|Any CPU
		{BC2D90F1-076F-4B39-BC8E-F0D33A38B29B}.Release|Any CPU.ActiveCfg = Release|Any CPU
		{BC2D90F1-076F-4B39-BC8E-F0D33A38B29B}.Release|Any CPU.Build.0 = Release|Any CPU
		{237DEC7B-658B-48B0-8F63-F5B10B14EE67}.Debug|Any CPU.ActiveCfg = Debug|Any CPU
		{237DEC7B-658B-48B0-8F63-F5B10B14EE67}.Debug|Any CPU.Build.0 = Debug|Any CPU
		{237DEC7B-658B-48B0-8F63-F5B10B14EE67}.Release|Any CPU.ActiveCfg = Release|Any CPU
		{237DEC7B-658B-48B0-8F63-F5B10B14EE67}.Release|Any CPU.Build.0 = Release|Any CPU
		{174BEAA2-B722-4A09-91BA-249418EB1FAD}.Debug|Any CPU.ActiveCfg = Debug|Any CPU
		{174BEAA2-B722-4A09-91BA-249418EB1FAD}.Debug|Any CPU.Build.0 = Debug|Any CPU
		{174BEAA2-B722-4A09-91BA-249418EB1FAD}.Release|Any CPU.ActiveCfg = Release|Any CPU
		{174BEAA2-B722-4A09-91BA-249418EB1FAD}.Release|Any CPU.Build.0 = Release|Any CPU
	EndGlobalSection
	GlobalSection(SolutionProperties) = preSolution
		HideSolutionNode = FALSE
	EndGlobalSection
	GlobalSection(NestedProjects) = preSolution
		{CC0D27DB-2EFF-43FF-9593-7190B10BA09F} = {F3B1F2C2-F253-498C-B9B2-0D28D427CD73}
		{F3B1F2C2-F253-498C-B9B2-0D28D427CD73} = {70811CD0-23C2-44E0-A703-782A09685CEC}
		{E5123E48-27AE-4F13-A034-98FBFB5A3157} = {70811CD0-23C2-44E0-A703-782A09685CEC}
		{D28BC958-C8CC-48BF-A3AA-58C4D5A2F909} = {E5123E48-27AE-4F13-A034-98FBFB5A3157}
		{1A001F5E-25BC-4CB7-A1E6-019E40ADB254} = {E5123E48-27AE-4F13-A034-98FBFB5A3157}
		{1824F686-AC2B-43BF-868C-B6A8869E65A9} = {70811CD0-23C2-44E0-A703-782A09685CEC}
		{8AD68103-1CE3-4D76-ABF4-346FF04D4C89} = {1824F686-AC2B-43BF-868C-B6A8869E65A9}
		{8C284BA0-3D2E-41BA-821A-D5DBBC666FD7} = {1824F686-AC2B-43BF-868C-B6A8869E65A9}
		{A046A289-9795-4D88-98FD-89C53B31E267} = {1824F686-AC2B-43BF-868C-B6A8869E65A9}
		{2A117F47-FA73-4E7E-B267-C3400DDC0015} = {0F78B36E-363D-40CF-A1D0-5FC115D810EB}
		{B10601BC-C8E8-46E6-90EA-0AD63AECC203} = {70811CD0-23C2-44E0-A703-782A09685CEC}
		{BC2D90F1-076F-4B39-BC8E-F0D33A38B29B} = {B10601BC-C8E8-46E6-90EA-0AD63AECC203}
		{237DEC7B-658B-48B0-8F63-F5B10B14EE67} = {1824F686-AC2B-43BF-868C-B6A8869E65A9}
		{174BEAA2-B722-4A09-91BA-249418EB1FAD} = {1824F686-AC2B-43BF-868C-B6A8869E65A9}
	EndGlobalSection
	GlobalSection(ExtensibilityGlobals) = postSolution
		SolutionGuid = {4AAB8AEE-FAB8-46AA-85DB-8E6B19B4F00F}
	EndGlobalSection
EndGlobal
